{
  "name": "trpc-demo",
  "version": "1.0.0",
  "lockfileVersion": 2,
  "requires": true,
  "packages": {
    "": {
      "name": "trpc-demo",
      "version": "1.0.0",
      "license": "ISC",
      "dependencies": {
        "@trpc/client": "^10.4.0",
        "@trpc/server": "^10.4.0",
        "zod": "^3.19.1"
      }
    },
    "node_modules/@trpc/client": {
      "version": "10.4.0",
      "resolved": "https://registry.npmjs.org/@trpc/client/-/client-10.4.0.tgz",
      "integrity": "sha512-f8kREiVv2l7WgT2NrqDiyPPO6xz9o4LG2zrH/Q3aetx1GApZEBCjdBY3b9fb9/5ZhrbjjSzUmkUviBBF5FZoSw==",
      "peerDependencies": {
        "@trpc/server": "10.4.0"
      }
    },
    "node_modules/@trpc/server": {
      "version": "10.4.0",
      "resolved": "https://registry.npmjs.org/@trpc/server/-/server-10.4.0.tgz",
      "integrity": "sha512-QtNSyDuA+gKpRwXBgemf8BlIRdE4xfLJBSg6tKFDvMYc0kbaiwrI7bPlldZMLwhAoJFnt0TmcaAiGCO/ymI+pg=="
    },
    "node_modules/zod": {
      "version": "3.19.1",
      "resolved": "https://registry.npmjs.org/zod/-/zod-3.19.1.tgz",
      "integrity": "sha512-LYjZsEDhCdYET9ikFu6dVPGp2YH9DegXjdJToSzD9rO6fy4qiRYFoyEYwps88OseJlPyl2NOe2iJuhEhL7IpEA==",
      "funding": {
        "url": "https://github.com/sponsors/colinhacks"
      }
    }
  },
  "dependencies": {
    "@trpc/client": {
      "version": "10.4.0",
      "resolved": "https://registry.npmjs.org/@trpc/client/-/client-10.4.0.tgz",
      "integrity": "sha512-f8kREiVv2l7WgT2NrqDiyPPO6xz9o4LG2zrH/Q3aetx1GApZEBCjdBY3b9fb9/5ZhrbjjSzUmkUviBBF5FZoSw==",
      "requires": {}
    },
    "@trpc/server": {
      "version": "10.4.0",
      "resolved": "https://registry.npmjs.org/@trpc/server/-/server-10.4.0.tgz",
      "integrity": "sha512-QtNSyDuA+gKpRwXBgemf8BlIRdE4xfLJBSg6tKFDvMYc0kbaiwrI7bPlldZMLwhAoJFnt0TmcaAiGCO/ymI+pg=="
    },
    "zod": {
      "version": "3.19.1",
      "resolved": "https://registry.npmjs.org/zod/-/zod-3.19.1.tgz",
      "integrity": "sha512-LYjZsEDhCdYET9ikFu6dVPGp2YH9DegXjdJToSzD9rO6fy4qiRYFoyEYwps88OseJlPyl2NOe2iJuhEhL7IpEA=="
    }
  }
}
